
Microsoft Visual Studio Solution File, Format Version 12.00
# Visual Studio Version 16
VisualStudioVersion = 16.0.31313.79
MinimumVisualStudioVersion = 10.0.40219.1
Project("{FAE04EC0-301F-11D3-BF4B-00C04F79EFBC}") = "OnlineShopWebApi", "OnlineShopWebApi.csproj", "{F7D1136B-9F22-42A2-B995-FC401933EC7E}"
EndProject
Global
	GlobalSection(SolutionConfigurationPlatforms) = preSolution
		Debug|Any CPU = Debug|Any CPU
		Release|Any CPU = Release|Any CPU
	EndGlobalSection
	GlobalSection(ProjectConfigurationPlatforms) = postSolution
		{F7D1136B-9F22-42A2-B995-FC401933EC7E}.Debug|Any CPU.ActiveCfg = Debug|Any CPU
		{F7D1136B-9F22-42A2-B995-FC401933EC7E}.Debug|Any CPU.Build.0 = Debug|Any CPU
		{F7D1136B-9F22-42A2-B995-FC401933EC7E}.Release|Any CPU.ActiveCfg = Release|Any CPU
		{F7D1136B-9F22-42A2-B995-FC401933EC7E}.Release|Any CPU.Build.0 = Release|Any CPU
	EndGlobalSection
	GlobalSection(SolutionProperties) = preSolution
		HideSolutionNode = FALSE
	EndGlobalSection
	GlobalSection(ExtensibilityGlobals) = postSolution
		SolutionGuid = {196AB79F-209B-41E0-8D48-86C49AA2CB8F}
	EndGlobalSection
EndGlobal
